
Microsoft Visual Studio Solution File, Format Version 12.00
# Visual Studio 15
VisualStudioVersion = 15.0.28010.2016
MinimumVisualStudioVersion = 10.0.40219.1
Project("{9A19103F-16F7-4668-BE54-9A1E7A4F7556}") = "CAD.VsTemplate2017.Domain", "CAD.VsTemplate2017.Domain\CAD.VsTemplate2017.Domain.csproj", "{99E3B1B2-ECAE-4FE9-86A7-B9C4E4B4DEB1}"
EndProject
Project("{FAE04EC0-301F-11D3-BF4B-00C04F79EFBC}") = "CAD.VsTemplate2017.Domain.MongoDb", "CAD.VsTemplate2017.Domain.MongoDb\CAD.VsTemplate2017.Domain.MongoDb.csproj", "{3719BC5E-404F-4777-A944-2D56A66035B1}"
EndProject
Global
	GlobalSection(SolutionConfigurationPlatforms) = preSolution
		Debug|Any CPU = Debug|Any CPU
		Release|Any CPU = Release|Any CPU
	EndGlobalSection
	GlobalSection(ProjectConfigurationPlatforms) = postSolution
		{99E3B1B2-ECAE-4FE9-86A7-B9C4E4B4DEB1}.Debug|Any CPU.ActiveCfg = Debug|Any CPU
		{99E3B1B2-ECAE-4FE9-86A7-B9C4E4B4DEB1}.Debug|Any CPU.Build.0 = Debug|Any CPU
		{99E3B1B2-ECAE-4FE9-86A7-B9C4E4B4DEB1}.Release|Any CPU.ActiveCfg = Release|Any CPU
		{99E3B1B2-ECAE-4FE9-86A7-B9C4E4B4DEB1}.Release|Any CPU.Build.0 = Release|Any CPU
		{3719BC5E-404F-4777-A944-2D56A66035B1}.Debug|Any CPU.ActiveCfg = Debug|Any CPU
		{3719BC5E-404F-4777-A944-2D56A66035B1}.Debug|Any CPU.Build.0 = Debug|Any CPU
		{3719BC5E-404F-4777-A944-2D56A66035B1}.Release|Any CPU.ActiveCfg = Release|Any CPU
		{3719BC5E-404F-4777-A944-2D56A66035B1}.Release|Any CPU.Build.0 = Release|Any CPU
	EndGlobalSection
	GlobalSection(SolutionProperties) = preSolution
		HideSolutionNode = FALSE
	EndGlobalSection
	GlobalSection(ExtensibilityGlobals) = postSolution
		SolutionGuid = {198623D2-FC4C-4131-A30A-69F0B3F7B877}
	EndGlobalSection
EndGlobal
